
Microsoft Visual Studio Solution File, Format Version 12.00
# Visual Studio 15
Project("{FAE04EC0-301F-11D3-BF4B-00C04F79EFBC}") = "MvcMovie", "MvcMovie\MvcMovie.csproj", "{623775AC-21E1-4E8E-A7D8-8C2FE79016CB}"
EndProject
Global
	GlobalSection(SolutionConfigurationPlatforms) = preSolution
		Debug|Any CPU = Debug|Any CPU
		Release|Any CPU = Release|Any CPU
	EndGlobalSection
	GlobalSection(ProjectConfigurationPlatforms) = postSolution
		{623775AC-21E1-4E8E-A7D8-8C2FE79016CB}.Debug|Any CPU.ActiveCfg = Debug|Any CPU
		{623775AC-21E1-4E8E-A7D8-8C2FE79016CB}.Debug|Any CPU.Build.0 = Debug|Any CPU
		{623775AC-21E1-4E8E-A7D8-8C2FE79016CB}.Release|Any CPU.ActiveCfg = Release|Any CPU
		{623775AC-21E1-4E8E-A7D8-8C2FE79016CB}.Release|Any CPU.Build.0 = Release|Any CPU
	EndGlobalSection
EndGlobal
